# THIS IS AN AUTOGENERATED FILE. DO NOT EDIT THIS FILE DIRECTLY.
# yarn lockfile v1


"@calcit/procs@^0.7.5":
  version "0.7.5"
  resolved "https://registry.yarnpkg.com/@calcit/procs/-/procs-0.7.5.tgz#8d50a28fc25a1b5cfa67e4b94c98a155e25437d3"
  integrity sha512-E7syp1pOQYBeJpDoap2iYCC9FVv85MBH1F+RJIj2zpj+rYhfqcAhrs1jjaMdBJyfCQVDIy1pvLfTSWix36dh9Q==
  dependencies:
    "@calcit/ternary-tree" "0.0.20"
    "@cirru/parser.ts" "^0.0.6"
    "@cirru/writer.ts" "^0.1.3"

"@calcit/ternary-tree@0.0.20":
  version "0.0.20"
  resolved "https://registry.yarnpkg.com/@calcit/ternary-tree/-/ternary-tree-0.0.20.tgz#db1947702af88e51af45d29c5616d6ac8b968c6c"
  integrity sha512-K2GGK9jxuP/TsphUMdDqmxexS5OfS8xu+k0PymIyUJ4qdBW+7EMwUQQM2RtZpWB6m0JvxeWSsZ6mwpdu9SaFbQ==

"@cirru/parser.ts@^0.0.6":
  version "0.0.6"
  resolved "https://registry.yarnpkg.com/@cirru/parser.ts/-/parser.ts-0.0.6.tgz#b95a84e02273fcbd71ff100925782b6f86410234"
  integrity sha512-qpDNPq+IuuwYjQFI+wzpd3ntbF7lwJs90v1XWyLQbL9Ru4ld4aHxVGwW/9F/QOu5mEGCMXtagCoYDf0HtOpDZg==

"@cirru/writer.ts@^0.1.3":
  version "0.1.3"
  resolved "https://registry.yarnpkg.com/@cirru/writer.ts/-/writer.ts-0.1.3.tgz#5f54bdecaa20ba3dab16cbe6da711854138a9c0a"
  integrity sha512-vJnhmhm7we5UfQIwmZfQpF3bAFbVybzT6LbmkbQHxgijaQg3gPfNVsnSIa3g3KpmWVtvkzEx+nUy5aMwsJiV1A==

"@esbuild/android-arm64@0.18.12":
  version "0.18.12"
  resolved "https://registry.yarnpkg.com/@esbuild/android-arm64/-/android-arm64-0.18.12.tgz#d2b7408f2d2fe6ad93877d90ebb18e0d2648828c"
  integrity sha512-BMAlczRqC/LUt2P97E4apTBbkvS9JTJnp2DKFbCwpZ8vBvXVbNdqmvzW/OsdtI/+mGr+apkkpqGM8WecLkPgrA==

"@esbuild/android-arm@0.18.12":
  version "0.18.12"
  resolved "https://registry.yarnpkg.com/@esbuild/android-arm/-/android-arm-0.18.12.tgz#b91c893170ef45b3a094795b5a44ee519c23aed6"
  integrity sha512-LIxaNIQfkFZbTLb4+cX7dozHlAbAshhFE5PKdro0l+FnCpx1GDJaQ2WMcqm+ToXKMt8p8Uojk/MFRuGyz3V5Sw==

"@esbuild/android-x64@0.18.12":
  version "0.18.12"
  resolved "https://registry.yarnpkg.com/@esbuild/android-x64/-/android-x64-0.18.12.tgz#26c97fa3e70adeab859dc08a6814c0502d3d8e16"
  integrity sha512-zU5MyluNsykf5cOJ0LZZZjgAHbhPJ1cWfdH1ZXVMXxVMhEV0VZiZXQdwBBVvmvbF28EizeK7obG9fs+fpmS0eQ==

"@esbuild/darwin-arm64@0.18.12":
  version "0.18.12"
  resolved "https://registry.yarnpkg.com/@esbuild/darwin-arm64/-/darwin-arm64-0.18.12.tgz#c2e54e9b5d340d1d1719edf786b905399e0dfd44"
  integrity sha512-zUZMep7YONnp6954QOOwEBwFX9svlKd3ov6PkxKd53LGTHsp/gy7vHaPGhhjBmEpqXEXShi6dddjIkmd+NgMsA==

"@esbuild/darwin-x64@0.18.12":
  version "0.18.12"
  resolved "https://registry.yarnpkg.com/@esbuild/darwin-x64/-/darwin-x64-0.18.12.tgz#1029cfbd5fe22e5426470dee63511b33eeeb8127"
  integrity sha512-ohqLPc7i67yunArPj1+/FeeJ7AgwAjHqKZ512ADk3WsE3FHU9l+m5aa7NdxXr0HmN1bjDlUslBjWNbFlD9y12Q==

"@esbuild/freebsd-arm64@0.18.12":
  version "0.18.12"
  resolved "https://registry.yarnpkg.com/@esbuild/freebsd-arm64/-/freebsd-arm64-0.18.12.tgz#613e261c2af436c5c88df77ebcf8ba9f5da49fa8"
  integrity sha512-GIIHtQXqgeOOqdG16a/A9N28GpkvjJnjYMhOnXVbn3EDJcoItdR58v/pGN31CHjyXDc8uCcRnFWmqaJt24AYJg==

"@esbuild/freebsd-x64@0.18.12":
  version "0.18.12"
  resolved "https://registry.yarnpkg.com/@esbuild/freebsd-x64/-/freebsd-x64-0.18.12.tgz#367ebe738a43caced16564a4d2f05d24880b767c"
  integrity sha512-zK0b9a1/0wZY+6FdOS3BpZcPc1kcx2G5yxxfEJtEUzVxI6n/FrC2Phsxj/YblPuBchhBZ/1wwn7AyEBUyNSa6g==

"@esbuild/linux-arm64@0.18.12":
  version "0.18.12"
  resolved "https://registry.yarnpkg.com/@esbuild/linux-arm64/-/linux-arm64-0.18.12.tgz#6ba110e496fa83de5e955f66f7e92a576b03e950"
  integrity sha512-JKgG8Q/LL/9sw/iHHxQyVMoQYu3rU3+a5Z87DxC+wAu3engz+EmctIrV+FGOgI6gWG1z1+5nDDbXiRMGQZXqiw==

"@esbuild/linux-arm@0.18.12":
  version "0.18.12"
  resolved "https://registry.yarnpkg.com/@esbuild/linux-arm/-/linux-arm-0.18.12.tgz#21688a452c82c1422eb7f7fee80fc649bef40fb8"
  integrity sha512-y75OijvrBE/1XRrXq1jtrJfG26eHeMoqLJ2dwQNwviwTuTtHGCojsDO6BJNF8gU+3jTn1KzJEMETytwsFSvc+Q==

"@esbuild/linux-ia32@0.18.12":
  version "0.18.12"
  resolved "https://registry.yarnpkg.com/@esbuild/linux-ia32/-/linux-ia32-0.18.12.tgz#78f0ae5068251831db012fb2dcdee6c37a54a92e"
  integrity sha512-yoRIAqc0B4lDIAAEFEIu9ttTRFV84iuAl0KNCN6MhKLxNPfzwCBvEMgwco2f71GxmpBcTtn7KdErueZaM2rEvw==

"@esbuild/linux-loong64@0.18.12":
  version "0.18.12"
  resolved "https://registry.yarnpkg.com/@esbuild/linux-loong64/-/linux-loong64-0.18.12.tgz#6b33d8904be562f77587857d87d781264319a6ea"
  integrity sha512-qYgt3dHPVvf/MgbIBpJ4Sup/yb9DAopZ3a2JgMpNKIHUpOdnJ2eHBo/aQdnd8dJ21X/+sS58wxHtA9lEazYtXQ==

"@esbuild/linux-mips64el@0.18.12":
  version "0.18.12"
  resolved "https://registry.yarnpkg.com/@esbuild/linux-mips64el/-/linux-mips64el-0.18.12.tgz#2313a1b0528ebe24d1c5eab010e0e2427b54ca24"
  integrity sha512-wHphlMLK4ufNOONqukELfVIbnGQJrHJ/mxZMMrP2jYrPgCRZhOtf0kC4yAXBwnfmULimV1qt5UJJOw4Kh13Yfg==

"@esbuild/linux-ppc64@0.18.12":
  version "0.18.12"
  resolved "https://registry.yarnpkg.com/@esbuild/linux-ppc64/-/linux-ppc64-0.18.12.tgz#38d0d25174e5307c443884e5723887e7dada49f1"
  integrity sha512-TeN//1Ft20ZZW41+zDSdOI/Os1bEq5dbvBvYkberB7PHABbRcsteeoNVZFlI0YLpGdlBqohEpjrn06kv8heCJg==

"@esbuild/linux-riscv64@0.18.12":
  version "0.18.12"
  resolved "https://registry.yarnpkg.com/@esbuild/linux-riscv64/-/linux-riscv64-0.18.12.tgz#79a28320967911ff31a88b39353cc2ad151d3696"
  integrity sha512-AgUebVS4DoAblBgiB2ACQ/8l4eGE5aWBb8ZXtkXHiET9mbj7GuWt3OnsIW/zX+XHJt2RYJZctbQ2S/mDjbp0UA==

"@esbuild/linux-s390x@0.18.12":
  version "0.18.12"
  resolved "https://registry.yarnpkg.com/@esbuild/linux-s390x/-/linux-s390x-0.18.12.tgz#48db270c54e8d32110e0aa63f8a87d2485fb6cdf"
  integrity sha512-dJ3Rb3Ei2u/ysSXd6pzleGtfDdc2MuzKt8qc6ls8vreP1G3B7HInX3i7gXS4BGeVd24pp0yqyS7bJ5NHaI9ing==

"@esbuild/linux-x64@0.18.12":
  version "0.18.12"
  resolved "https://registry.yarnpkg.com/@esbuild/linux-x64/-/linux-x64-0.18.12.tgz#05d9b4af808faf5fcd79b565f186ff86aa31b5b1"
  integrity sha512-OrNJMGQbPaVyHHcDF8ybNSwu7TDOfX8NGpXCbetwOSP6txOJiWlgQnRymfC9ocR1S0Y5PW0Wb1mV6pUddqmvmQ==

"@esbuild/netbsd-x64@0.18.12":
  version "0.18.12"
  resolved "https://registry.yarnpkg.com/@esbuild/netbsd-x64/-/netbsd-x64-0.18.12.tgz#8e027526e556c3e909b55bb3b1839013ff9d9786"
  integrity sha512-55FzVCAiwE9FK8wWeCRuvjazNRJ1QqLCYGZVB6E8RuQuTeStSwotpSW4xoRGwp3a1wUsaVCdYcj5LGCASVJmMg==

"@esbuild/openbsd-x64@0.18.12":
  version "0.18.12"
  resolved "https://registry.yarnpkg.com/@esbuild/openbsd-x64/-/openbsd-x64-0.18.12.tgz#81f5141b50987e05967b05d0ca6271fbb2f57532"
  integrity sha512-qnluf8rfb6Y5Lw2tirfK2quZOBbVqmwxut7GPCIJsM8lc4AEUj9L8y0YPdLaPK0TECt4IdyBdBD/KRFKorlK3g==

"@esbuild/sunos-x64@0.18.12":
  version "0.18.12"
  resolved "https://registry.yarnpkg.com/@esbuild/sunos-x64/-/sunos-x64-0.18.12.tgz#4d91cf84062dd0db5e9f8484dcaaff6443557839"
  integrity sha512-+RkKpVQR7bICjTOPUpkTBTaJ4TFqQBX5Ywyd/HSdDkQGn65VPkTsR/pL4AMvuMWy+wnXgIl4EY6q4mVpJal8Kg==

"@esbuild/win32-arm64@0.18.12":
  version "0.18.12"
  resolved "https://registry.yarnpkg.com/@esbuild/win32-arm64/-/win32-arm64-0.18.12.tgz#cdb85b318a92ce7ee7736f7c29cde2f5c687957e"
  integrity sha512-GNHuciv0mFM7ouzsU0+AwY+7eV4Mgo5WnbhfDCQGtpvOtD1vbOiRjPYG6dhmMoFyBjj+pNqQu2X+7DKn0KQ/Gw==

"@esbuild/win32-ia32@0.18.12":
  version "0.18.12"
  resolved "https://registry.yarnpkg.com/@esbuild/win32-ia32/-/win32-ia32-0.18.12.tgz#cd9d6860992aae3f039bec40ce8fac92ffac8911"
  integrity sha512-kR8cezhYipbbypGkaqCTWIeu4zID17gamC8YTPXYtcN3E5BhhtTnwKBn9I0PJur/T6UVwIEGYzkffNL0lFvxEw==

"@esbuild/win32-x64@0.18.12":
  version "0.18.12"
  resolved "https://registry.yarnpkg.com/@esbuild/win32-x64/-/win32-x64-0.18.12.tgz#1da26735ce5954bf914f8f2117b5096c548bbba2"
  integrity sha512-O0UYQVkvfM/jO8a4OwoV0mAKSJw+mjWTAd1MJd/1FCX6uiMdLmMRPK/w6e9OQ0ob2WGxzIm9va/KG0Ja4zIOgg==

"@memkits/azure-speech-util@^0.0.5":
  version "0.0.5"
  resolved "https://registry.yarnpkg.com/@memkits/azure-speech-util/-/azure-speech-util-0.0.5.tgz#8253e4b541e84a37b020a9b26341825f4927357c"
  integrity sha512-4YbLta0jjVwxavF2Ho+AW90Z1qot5/tXXbo6f5rIzh2E7KwMufH9rOJ2aECYSa0kcJdzvqlqkqtGh7sNk1mGDg==
  dependencies:
    microsoft-cognitiveservices-speech-sdk "^1.21.0"

agent-base@5:
  version "5.1.1"
  resolved "https://registry.yarnpkg.com/agent-base/-/agent-base-5.1.1.tgz#e8fb3f242959db44d63be665db7a8e739537a32c"
  integrity sha512-TMeqbNl2fMW0nMjTEPOwe3J/PRFP4vqeoNuQMG0HlMrtm5QxKqdvAkZ1pRBQ/ulIyDD5Yq0nJ7YbdD8ey0TO3g==

agent-base@^6.0.1:
  version "6.0.2"
  resolved "https://registry.yarnpkg.com/agent-base/-/agent-base-6.0.2.tgz#49fff58577cfee3f37176feab4c22e00f86d7f77"
  integrity sha512-RZNwNclF7+MS/8bDg70amg32dyeZGZxiDuQmZxKLAlQjr3jGyLx+4Kkk58UO7D2QdgFIQCovuSuZESne6RG6XQ==
  dependencies:
    debug "4"

bent@^7.3.12:
  version "7.3.12"
  resolved "https://registry.yarnpkg.com/bent/-/bent-7.3.12.tgz#e0a2775d4425e7674c64b78b242af4f49da6b035"
  integrity sha512-T3yrKnVGB63zRuoco/7Ybl7BwwGZR0lceoVG5XmQyMIH9s19SV5m+a8qam4if0zQuAmOQTyPTPmsQBdAorGK3w==
  dependencies:
    bytesish "^0.4.1"
    caseless "~0.12.0"
    is-stream "^2.0.0"

bottom-tip@^0.1.5:
  version "0.1.5"
  resolved "https://registry.yarnpkg.com/bottom-tip/-/bottom-tip-0.1.5.tgz#ca81e738fba6ae956a5b4c55a78a127820c9b99e"
  integrity sha512-53RCkWg6hY8M7Y9lPgU2f2bAEejQh0H6SCL9B8ufFdYAOAH/cUEwxSsBIH0AcPbOcNaSgdEJr9OhdnTUENe5bA==
  dependencies:
    nanoid "^4.0.1"
    virtual-dom "^2.1.1"

browser-split@0.0.1:
  version "0.0.1"
  resolved "https://registry.yarnpkg.com/browser-split/-/browser-split-0.0.1.tgz#7b097574f8e3ead606fb4664e64adfdda2981a93"
  integrity sha512-JhvgRb2ihQhsljNda3BI8/UcRHVzrVwo3Q+P8vDtSiyobXuFpuZ9mq+MbRGMnC22CjW3RrfXdg6j6ITX8M+7Ow==

bytesish@^0.4.1:
  version "0.4.4"
  resolved "https://registry.yarnpkg.com/bytesish/-/bytesish-0.4.4.tgz#f3b535a0f1153747427aee27256748cff92347e6"
  integrity sha512-i4uu6M4zuMUiyfZN4RU2+i9+peJh//pXhd9x1oSe1LBkZ3LEbCoygu8W0bXTukU1Jme2txKuotpCZRaC3FLxcQ==

camelize@^1.0.0:
  version "1.0.1"
  resolved "https://registry.yarnpkg.com/camelize/-/camelize-1.0.1.tgz#89b7e16884056331a35d6b5ad064332c91daa6c3"
  integrity sha512-dU+Tx2fsypxTgtLoE36npi3UqcjSSMNYfkqgmoEhtZrraP5VWq0K7FkWVTYa8eMPtnU/G2txVsfdCJTn9uzpuQ==

caseless@~0.12.0:
  version "0.12.0"
  resolved "https://registry.yarnpkg.com/caseless/-/caseless-0.12.0.tgz#1b681c21ff84033c826543090689420d187151dc"
  integrity sha512-4tYFyifaFfGacoiObjJegolkwSU4xQNGbVgUiNYVUxbQ2x2lUsFvY4hVgVzGiIe6WLOPqycWXA40l+PWsxthUw==

classnames@^2.2.5:
  version "2.3.2"
  resolved "https://registry.yarnpkg.com/classnames/-/classnames-2.3.2.tgz#351d813bf0137fcc6a76a16b88208d2560a0d924"
  integrity sha512-CSbhY4cFEJRe6/GQzIk5qXZ4Jeg5pcsP7b5peFSDpffpe1cqjASH/n9UTjBwOp6XpMSTwQ8Za2K5V02ueA7Tmw==

core-js@^3.1.3:
  version "3.31.1"
  resolved "https://registry.yarnpkg.com/core-js/-/core-js-3.31.1.tgz#f2b0eea9be9da0def2c5fece71064a7e5d687653"
  integrity sha512-2sKLtfq1eFST7l7v62zaqXacPc7uG8ZAya8ogijLhTtaKNcpzpB4TMoTw2Si+8GYKRwFPMMtUT0263QFWFfqyQ==

debug@4:
  version "4.3.4"
  resolved "https://registry.yarnpkg.com/debug/-/debug-4.3.4.tgz#1319f6579357f2338d3337d2cdd4914bb5dcc865"
  integrity sha512-PRWFHuSU3eDtQJPvnNY7Jcket1j0t5OuOsFzPPzsekD52Zl8qUfFIPEiswXqIvHWGVHOgX+7G/vCNNhehwxfkQ==
  dependencies:
    ms "2.1.2"

dom-walk@^0.1.0:
  version "0.1.2"
  resolved "https://registry.yarnpkg.com/dom-walk/-/dom-walk-0.1.2.tgz#0c548bef048f4d1f2a97249002236060daa3fd84"
  integrity sha512-6QvTW9mrGeIegrFXdtQi9pk7O/nSK6lSdXW2eqUspN5LWD7UTji2Fqw5V2YLjBpHEoU9Xl/eUWNpDeZvoyOv2w==

error@^4.3.0:
  version "4.4.0"
  resolved "https://registry.yarnpkg.com/error/-/error-4.4.0.tgz#bf69ff251fb4a279c19adccdaa6b61e90d9bf12a"
  integrity sha512-SNDKualLUtT4StGFP7xNfuFybL2f6iJujFtrWuvJqGbVQGaN+adE23veqzPz1hjUjTunLi2EnJ+0SJxtbJreKw==
  dependencies:
    camelize "^1.0.0"
    string-template "~0.2.0"
    xtend "~4.0.0"

esbuild@^0.18.10:
  version "0.18.12"
  resolved "https://registry.yarnpkg.com/esbuild/-/esbuild-0.18.12.tgz#861d37cc321ac797d059f221d9da12acfe555350"
  integrity sha512-XuOVLDdtsDslXStStduT41op21Ytmf4/BDS46aa3xPJ7X5h2eMWBF1oAe3QjUH3bDksocNXgzGUZ7XHIBya6Tg==
  optionalDependencies:
    "@esbuild/android-arm" "0.18.12"
    "@esbuild/android-arm64" "0.18.12"
    "@esbuild/android-x64" "0.18.12"
    "@esbuild/darwin-arm64" "0.18.12"
    "@esbuild/darwin-x64" "0.18.12"
    "@esbuild/freebsd-arm64" "0.18.12"
    "@esbuild/freebsd-x64" "0.18.12"
    "@esbuild/linux-arm" "0.18.12"
    "@esbuild/linux-arm64" "0.18.12"
    "@esbuild/linux-ia32" "0.18.12"
    "@esbuild/linux-loong64" "0.18.12"
    "@esbuild/linux-mips64el" "0.18.12"
    "@esbuild/linux-ppc64" "0.18.12"
    "@esbuild/linux-riscv64" "0.18.12"
    "@esbuild/linux-s390x" "0.18.12"
    "@esbuild/linux-x64" "0.18.12"
    "@esbuild/netbsd-x64" "0.18.12"
    "@esbuild/openbsd-x64" "0.18.12"
    "@esbuild/sunos-x64" "0.18.12"
    "@esbuild/win32-arm64" "0.18.12"
    "@esbuild/win32-ia32" "0.18.12"
    "@esbuild/win32-x64" "0.18.12"

escape-html@^1.0.3:
  version "1.0.3"
  resolved "https://registry.yarnpkg.com/escape-html/-/escape-html-1.0.3.tgz#0258eae4d3d0c0974de1c169188ef0051d1d1988"
  integrity sha512-NiSupZ4OeuGwr68lGIeym/ksIZMJodUGOSCZ/FSnTxcrekbvqrgdUxlJOMpijaKZVjAJrWrGs/6Jy8OMuyj9ow==

ev-store@^7.0.0:
  version "7.0.0"
  resolved "https://registry.yarnpkg.com/ev-store/-/ev-store-7.0.0.tgz#1ab0c7f82136505dd74b31d17701cb2be6d26558"
  integrity sha512-otazchNRnGzp2YarBJ+GXKVGvhxVATB1zmaStxJBYet0Dyq7A9VhH8IUEB/gRcL6Ch52lfpgPTRJ2m49epyMsQ==
  dependencies:
    individual "^3.0.0"

feather-icons@^4.29.0:
  version "4.29.0"
  resolved "https://registry.yarnpkg.com/feather-icons/-/feather-icons-4.29.0.tgz#4e40e3cbb7bf359ffbbf700edbebdde4e4a74ab6"
  integrity sha512-Y7VqN9FYb8KdaSF0qD1081HCkm0v4Eq/fpfQYQnubpqi0hXx14k+gF9iqtRys1SIcTEi97xDi/fmsPFZ8xo0GQ==
  dependencies:
    classnames "^2.2.5"
    core-js "^3.1.3"

fsevents@~2.3.2:
  version "2.3.2"
  resolved "https://registry.yarnpkg.com/fsevents/-/fsevents-2.3.2.tgz#8a526f78b8fdf4623b709e0b975c52c24c02fd1a"
  integrity sha512-xiqMQR4xAeHTuB9uWm+fFRcIOgKBMiOBP+eXiyT7jsgVCq1bkVygt00oASowB7EdtpOHaaPgKt812P9ab+DDKA==

global@^4.3.0:
  version "4.4.0"
  resolved "https://registry.yarnpkg.com/global/-/global-4.4.0.tgz#3e7b105179006a323ed71aafca3e9c57a5cc6406"
  integrity sha512-wv/LAoHdRE3BeTGz53FAamhGlPLhlssK45usmGFThIi4XqnBmjKQ16u+RNbP7WvigRZDxUsM0J3gcQ5yicaL0w==
  dependencies:
    min-document "^2.19.0"
    process "^0.11.10"

highlight.js@^11.8.0:
  version "11.8.0"
  resolved "https://registry.yarnpkg.com/highlight.js/-/highlight.js-11.8.0.tgz#966518ea83257bae2e7c9a48596231856555bb65"
  integrity sha512-MedQhoqVdr0U6SSnWPzfiadUcDHfN/Wzq25AkXiQv9oiOO/sG0S7XkvpFIqWBl9Yq1UYyYOOVORs5UW2XlPyzg==

https-proxy-agent@^4.0.0:
  version "4.0.0"
  resolved "https://registry.yarnpkg.com/https-proxy-agent/-/https-proxy-agent-4.0.0.tgz#702b71fb5520a132a66de1f67541d9e62154d82b"
  integrity sha512-zoDhWrkR3of1l9QAL8/scJZyLu8j/gBkcwcaQOZh7Gyh/+uJQzGVETdgT30akuwkpL8HTRfssqI3BZuV18teDg==
  dependencies:
    agent-base "5"
    debug "4"

individual@^3.0.0:
  version "3.0.0"
  resolved "https://registry.yarnpkg.com/individual/-/individual-3.0.0.tgz#e7ca4f85f8957b018734f285750dc22ec2f9862d"
  integrity sha512-rUY5vtT748NMRbEMrTNiFfy29BgGZwGXUi2NFUVMWQrogSLzlJvQV9eeMWi+g1aVaQ53tpyLAQtd5x/JH0Nh1g==

is-object@^1.0.1:
  version "1.0.2"
  resolved "https://registry.yarnpkg.com/is-object/-/is-object-1.0.2.tgz#a56552e1c665c9e950b4a025461da87e72f86fcf"
  integrity sha512-2rRIahhZr2UWb45fIOuvZGpFtz0TyOZLf32KxBbSoUCeZR495zCKlWUKKUByk3geS2eAs7ZAABt0Y/Rx0GiQGA==

is-stream@^2.0.0:
  version "2.0.1"
  resolved "https://registry.yarnpkg.com/is-stream/-/is-stream-2.0.1.tgz#fac1e3d53b97ad5a9d0ae9cef2389f5810a5c077"
  integrity sha512-hFoiJiTl63nn+kstHGBtewWSKnQLpyb155KHheA1l39uvtO9nWIop1p3udqPcUd/xbF1VLMO4n7OI6p7RbngDg==

microsoft-cognitiveservices-speech-sdk@^1.21.0:
  version "1.30.1"
  resolved "https://registry.yarnpkg.com/microsoft-cognitiveservices-speech-sdk/-/microsoft-cognitiveservices-speech-sdk-1.30.1.tgz#80ad5fc3a1986569881e432694099c857e5c8497"
  integrity sha512-pR/abkc55hvUOG1TSmJ79Mt+A+/9R5TVeuvMaJCcvHYroIPVdG5eXqzIiZNxuy5P0x+YICYnPSOQMoHyPgtN1Q==
  dependencies:
    agent-base "^6.0.1"
    bent "^7.3.12"
    https-proxy-agent "^4.0.0"
    uuid "^9.0.0"
    ws "^7.5.6"

min-document@^2.19.0:
  version "2.19.0"
  resolved "https://registry.yarnpkg.com/min-document/-/min-document-2.19.0.tgz#7bd282e3f5842ed295bb748cdd9f1ffa2c824685"
  integrity sha512-9Wy1B3m3f66bPPmU5hdA4DR4PB2OfDU/+GS3yAB7IQozE3tqXaVv2zOjgla7MEGSRv95+ILmOuvhLkOK6wJtCQ==
  dependencies:
    dom-walk "^0.1.0"

ms@2.1.2:
  version "2.1.2"
  resolved "https://registry.yarnpkg.com/ms/-/ms-2.1.2.tgz#d09d1f357b443f493382a8eb3ccd183872ae6009"
  integrity sha512-sGkPx+VjMtmA6MX27oA4FBFELFCZZ4S4XqeGOXCv68tT+jb3vk/RyaKWP0PTKyWtmLSM0b+adUTEvbs1PEaH2w==

nanoid@^2.1.0:
  version "2.1.11"
  resolved "https://registry.yarnpkg.com/nanoid/-/nanoid-2.1.11.tgz#ec24b8a758d591561531b4176a01e3ab4f0f0280"
  integrity sha512-s/snB+WGm6uwi0WjsZdaVcuf3KJXlfGl2LcxgwkEwJF0D/BWzVWAZW/XY4bFaiR7s0Jk3FPvlnepg1H1b1UwlA==

nanoid@^3.3.6:
  version "3.3.6"
  resolved "https://registry.yarnpkg.com/nanoid/-/nanoid-3.3.6.tgz#443380c856d6e9f9824267d960b4236ad583ea4c"
  integrity sha512-BGcqMMJuToF7i1rt+2PWSNVnWIkGCU78jBG3RxO/bZlnZPK2Cmi2QaffxGO/2RvWi9sL+FAiRiXMgsyxQ1DIDA==

nanoid@^4.0.1:
  version "4.0.2"
  resolved "https://registry.yarnpkg.com/nanoid/-/nanoid-4.0.2.tgz#140b3c5003959adbebf521c170f282c5e7f9fb9e"
  integrity sha512-7ZtY5KTCNheRGfEFxnedV5zFiORN1+Y1N6zvPTnHQd8ENUvfaDBeuJDZb2bN/oXwXxu3qkTXDzy57W5vAmDTBw==

next-tick@^0.2.2:
  version "0.2.2"
  resolved "https://registry.yarnpkg.com/next-tick/-/next-tick-0.2.2.tgz#75da4a927ee5887e39065880065b7336413b310d"
  integrity sha512-f7h4svPtl+QidoBv4taKXUjJ70G2asaZ8G28nS0OkqaalX8dwwrtWtyxEDPK62AC00ur/+/E0pUwBwY5EPn15Q==

picocolors@^1.0.0:
  version "1.0.0"
  resolved "https://registry.yarnpkg.com/picocolors/-/picocolors-1.0.0.tgz#cb5bdc74ff3f51892236eaf79d68bc44564ab81c"
  integrity sha512-1fygroTLlHu66zi26VoTDv8yRgm0Fccecssto+MhsZ0D/DGW2sm8E8AjW7NU5VVTRt5GxbeZ5qBuJr+HyLYkjQ==

postcss@^8.4.25:
  version "8.4.25"
  resolved "https://registry.yarnpkg.com/postcss/-/postcss-8.4.25.tgz#4a133f5e379eda7f61e906c3b1aaa9b81292726f"
  integrity sha512-7taJ/8t2av0Z+sQEvNzCkpDynl0tX3uJMCODi6nT3PfASC7dYCWV9aQ+uiCf+KBD4SEFcu+GvJdGdwzQ6OSjCw==
  dependencies:
    nanoid "^3.3.6"
    picocolors "^1.0.0"
    source-map-js "^1.0.2"

process@^0.11.10:
  version "0.11.10"
  resolved "https://registry.yarnpkg.com/process/-/process-0.11.10.tgz#7332300e840161bda3e69a1d1d91a7d4bc16f182"
  integrity sha512-cdGef/drWFoydD1JsMzuFf8100nZl+GT+yacc2bEced5f9Rjk4z+WtFUTBu9PhOi9j/jfmBPu0mMEY4wIdAF8A==

rollup@^3.25.2:
  version "3.26.2"
  resolved "https://registry.yarnpkg.com/rollup/-/rollup-3.26.2.tgz#2e76a37606cb523fc9fef43e6f59c93f86d95e7c"
  integrity sha512-6umBIGVz93er97pMgQO08LuH3m6PUb3jlDUUGFsNJB6VgTCUaDFpupf5JfU30529m/UKOgmiX+uY6Sx8cOYpLA==
  optionalDependencies:
    fsevents "~2.3.2"

shortid@^2.2.16:
  version "2.2.16"
  resolved "https://registry.yarnpkg.com/shortid/-/shortid-2.2.16.tgz#b742b8f0cb96406fd391c76bfc18a67a57fe5608"
  integrity sha512-Ugt+GIZqvGXCIItnsL+lvFJOiN7RYqlGy7QE41O3YC1xbNSeDGIRO7xg2JJXIAj1cAGnOeC1r7/T9pgrtQbv4g==
  dependencies:
    nanoid "^2.1.0"

source-map-js@^1.0.2:
  version "1.0.2"
  resolved "https://registry.yarnpkg.com/source-map-js/-/source-map-js-1.0.2.tgz#adbc361d9c62df380125e7f161f71c826f1e490c"
  integrity sha512-R0XvVJ9WusLiqTCEiGCmICCMplcCkIwwR11mOSD9CR5u+IXYdiseeEuXCVAjS54zqwkLcPNnmU4OeJ6tUrWhDw==

string-template@~0.2.0:
  version "0.2.1"
  resolved "https://registry.yarnpkg.com/string-template/-/string-template-0.2.1.tgz#42932e598a352d01fc22ec3367d9d84eec6c9add"
  integrity sha512-Yptehjogou2xm4UJbxJ4CxgZx12HBfeystp0y3x7s4Dj32ltVVG1Gg8YhKjHZkHicuKpZX/ffilA8505VbUbpw==

uuid@^9.0.0:
  version "9.0.0"
  resolved "https://registry.yarnpkg.com/uuid/-/uuid-9.0.0.tgz#592f550650024a38ceb0c562f2f6aa435761efb5"
  integrity sha512-MXcSTerfPa4uqyzStbRoTgt5XIe3x5+42+q1sDuy3R5MDk66URdLMOZe5aPX/SQd+kuYAh0FdP/pO28IkQyTeg==

virtual-dom@^2.1.1:
  version "2.1.1"
  resolved "https://registry.yarnpkg.com/virtual-dom/-/virtual-dom-2.1.1.tgz#80eda2d481b9ede0c049118cefcb4a05f21d1375"
  integrity sha512-wb6Qc9Lbqug0kRqo/iuApfBpJJAq14Sk1faAnSmtqXiwahg7PVTvWMs9L02Z8nNIMqbwsxzBAA90bbtRLbw0zg==
  dependencies:
    browser-split "0.0.1"
    error "^4.3.0"
    ev-store "^7.0.0"
    global "^4.3.0"
    is-object "^1.0.1"
    next-tick "^0.2.2"
    x-is-array "0.1.0"
    x-is-string "0.1.0"

vite@^4.4.3:
  version "4.4.3"
  resolved "https://registry.yarnpkg.com/vite/-/vite-4.4.3.tgz#dfaf86f4cba3058bf2724e2e2c88254fb0f21a5a"
  integrity sha512-IMnXQXXWgLi5brBQx/4WzDxdzW0X3pjO4nqFJAuNvwKtxzAmPzFE1wszW3VDpAGQJm3RZkm/brzRdyGsnwgJIA==
  dependencies:
    esbuild "^0.18.10"
    postcss "^8.4.25"
    rollup "^3.25.2"
  optionalDependencies:
    fsevents "~2.3.2"

ws@^7.5.6:
  version "7.5.9"
  resolved "https://registry.yarnpkg.com/ws/-/ws-7.5.9.tgz#54fa7db29f4c7cec68b1ddd3a89de099942bb591"
  integrity sha512-F+P9Jil7UiSKSkppIiD94dN07AwvFixvLIj1Og1Rl9GGMuNipJnV9JzjD6XuqmAeiswGvUmNLjr5cFuXwNS77Q==

x-is-array@0.1.0:
  version "0.1.0"
  resolved "https://registry.yarnpkg.com/x-is-array/-/x-is-array-0.1.0.tgz#de520171d47b3f416f5587d629b89d26b12dc29d"
  integrity sha512-goHPif61oNrr0jJgsXRfc8oqtYzvfiMJpTqwE7Z4y9uH+T3UozkGqQ4d2nX9mB9khvA8U2o/UbPOFjgC7hLWIA==

x-is-string@0.1.0:
  version "0.1.0"
  resolved "https://registry.yarnpkg.com/x-is-string/-/x-is-string-0.1.0.tgz#474b50865af3a49a9c4657f05acd145458f77d82"
  integrity sha512-GojqklwG8gpzOVEVki5KudKNoq7MbbjYZCbyWzEz7tyPA7eleiE0+ePwOWQQRb5fm86rD3S8Tc0tSFf3AOv50w==

xtend@~4.0.0:
  version "4.0.2"
  resolved "https://registry.yarnpkg.com/xtend/-/xtend-4.0.2.tgz#bb72779f5fa465186b1f438f674fa347fdb5db54"
  integrity sha512-LKYU1iAXJXUgAXn9URjiu+MWhyUXHsvfp7mcuYm9dSUKK0/CjtrUwFAxD82/mCWbtLsGjFIad0wIsod4zrTAEQ==
